
Microsoft Visual Studio Solution File, Format Version 12.00
# Visual Studio 15
VisualStudioVersion = 15.0.26730.12
MinimumVisualStudioVersion = 10.0.40219.1
Project("{FAE04EC0-301F-11D3-BF4B-00C04F79EFBC}") = "VerboseOcarina", "VerboseOcarina\VerboseOcarina.csproj", "{957A3D9E-6B39-48BD-B547-0D91325261B1}"
EndProject
Project("{FAE04EC0-301F-11D3-BF4B-00C04F79EFBC}") = "DungeonRush", "DungeonRush\DungeonRush.csproj", "{EFBD6DC5-6B22-4C2A-A470-031A281EC462}"
EndProject
Project("{FAE04EC0-301F-11D3-BF4B-00C04F79EFBC}") = "Experimental", "Experimental\Experimental.csproj", "{9D79543F-A5DF-4920-B10D-85748BD9C91E}"
EndProject
Project("{FAE04EC0-301F-11D3-BF4B-00C04F79EFBC}") = "XmlActorBuilder", "XmlActorBuilder\XmlActorBuilder.csproj", "{49C50AF5-5B56-4021-8840-29EF693D5C29}"
EndProject
Project("{FAE04EC0-301F-11D3-BF4B-00C04F79EFBC}") = "OcaBase", "OcaBase\OcaBase.csproj", "{5D256FB8-D7BE-4770-AB9F-1526CD2DE81A}"
EndProject
Project("{FAE04EC0-301F-11D3-BF4B-00C04F79EFBC}") = "Z64Compresser", "Z64Compresser\Z64Compresser.csproj", "{BA330F3A-4358-4EFD-BF1A-FD91971BDA1B}"
EndProject
Project("{FAE04EC0-301F-11D3-BF4B-00C04F79EFBC}") = "Gen", "Gen\Gen.csproj", "{C90071EE-A4B3-474B-89A6-64C3835E07F3}"
EndProject
Project("{FAE04EC0-301F-11D3-BF4B-00C04F79EFBC}") = "PetriesChallenge", "PetriesChallenge\PetriesChallenge.csproj", "{D4BBE3B9-26FC-4873-B7F3-EE399CB9BE75}"
EndProject
Project("{FAE04EC0-301F-11D3-BF4B-00C04F79EFBC}") = "ZCodec", "ZCodec\ZCodec.csproj", "{93BBB3B5-2766-4E96-9798-38CAA3C44528}"
EndProject
Project("{FAE04EC0-301F-11D3-BF4B-00C04F79EFBC}") = "Spectrum", "Spectrum\Spectrum.csproj", "{9B204764-7A39-437C-AB71-F1348200D8DA}"
EndProject
Project("{FAE04EC0-301F-11D3-BF4B-00C04F79EFBC}") = "RomWorkshop", "RomWorkshop\RomWorkshop.csproj", "{AB6CD6CB-4DB5-46A2-AC3C-3222B21AAAD7}"
EndProject
Project("{FAE04EC0-301F-11D3-BF4B-00C04F79EFBC}") = "PatchShared", "PatchShared\PatchShared.csproj", "{E96A2B91-B9AE-4037-971B-25D6F8B46F83}"
EndProject
Project("{FAE04EC0-301F-11D3-BF4B-00C04F79EFBC}") = "XActorGui", "XActorGui\XActorGui.csproj", "{9A355746-4B45-449E-93DF-21F6DFD0896A}"
EndProject
Project("{FAE04EC0-301F-11D3-BF4B-00C04F79EFBC}") = "Z64Tables", "Z64Tables\Z64Tables.csproj", "{8751D9FB-8A46-49FB-A874-208989D15F02}"
EndProject
Project("{FAE04EC0-301F-11D3-BF4B-00C04F79EFBC}") = "Atom", "Atom\Atom.csproj", "{68453906-153D-4CD0-8AF4-B1B178D6CE28}"
EndProject
Project("{FAE04EC0-301F-11D3-BF4B-00C04F79EFBC}") = "JOcaBase", "JOcaBase\JOcaBase.csproj", "{87A06C9E-F860-4F65-AD47-E4D97339382E}"
EndProject
Project("{FAE04EC0-301F-11D3-BF4B-00C04F79EFBC}") = "uCode", "uCode\uCode\uCode.csproj", "{FE0493C3-FF8E-4EED-A55F-0C30F33FD3D9}"
EndProject
Project("{FAE04EC0-301F-11D3-BF4B-00C04F79EFBC}") = "VerboseWPF", "VerboseWPF\VerboseWPF.csproj", "{0C039785-E08C-4BD3-8698-0FD66E5E1151}"
EndProject
Project("{FAE04EC0-301F-11D3-BF4B-00C04F79EFBC}") = "RomBlock", "RomBlock\RomBlock.csproj", "{0E8D017D-4663-4805-8F2B-7E0AA153975A}"
EndProject
Project("{FAE04EC0-301F-11D3-BF4B-00C04F79EFBC}") = "Spectrum3D", "Spectrum3D\Spectrum3D.csproj", "{F1EDFAFB-53F9-48AF-9E88-A229DEFE8DB3}"
EndProject
Project("{FAE04EC0-301F-11D3-BF4B-00C04F79EFBC}") = "WadDisect", "WadDisect\WadDisect.csproj", "{38D2F651-A527-40E1-BFBC-7E708F86F779}"
EndProject
Project("{9A19103F-16F7-4668-BE54-9A1E7A4F7556}") = "CoreTest", "CoreTest\CoreTest.csproj", "{F3801DEA-EA65-4EDE-95C9-859B9496C1EE}"
EndProject
Project("{9A19103F-16F7-4668-BE54-9A1E7A4F7556}") = "Helper", "Helper\Helper.csproj", "{5AF4D836-00B5-43C2-8974-8AFFABD2DF90}"
EndProject
Project("{9A19103F-16F7-4668-BE54-9A1E7A4F7556}") = "OcaLib", "OcaLib\OcaLib.csproj", "{FC18EBFF-FA5C-4F92-A90C-FE14E29D9471}"
EndProject
Project("{FAE04EC0-301F-11D3-BF4B-00C04F79EFBC}") = "ZCodecCore", "ZCodecCore\ZCodecCore.csproj", "{84DE0764-286E-4C2A-B8B7-BAD712CEA5DC}"
EndProject
Global
	GlobalSection(SolutionConfigurationPlatforms) = preSolution
		Debug|Any CPU = Debug|Any CPU
		Debug|Mixed Platforms = Debug|Mixed Platforms
		Debug|x64 = Debug|x64
		Debug|x86 = Debug|x86
		Release|Any CPU = Release|Any CPU
		Release|Mixed Platforms = Release|Mixed Platforms
		Release|x64 = Release|x64
		Release|x86 = Release|x86
	EndGlobalSection
	GlobalSection(ProjectConfigurationPlatforms) = postSolution
		{957A3D9E-6B39-48BD-B547-0D91325261B1}.Debug|Any CPU.ActiveCfg = Debug|x86
		{957A3D9E-6B39-48BD-B547-0D91325261B1}.Debug|Any CPU.Build.0 = Debug|x86
		{957A3D9E-6B39-48BD-B547-0D91325261B1}.Debug|Mixed Platforms.ActiveCfg = Debug|x86
		{957A3D9E-6B39-48BD-B547-0D91325261B1}.Debug|Mixed Platforms.Build.0 = Debug|x86
		{957A3D9E-6B39-48BD-B547-0D91325261B1}.Debug|x64.ActiveCfg = Debug|x86
		{957A3D9E-6B39-48BD-B547-0D91325261B1}.Debug|x86.ActiveCfg = Debug|x86
		{957A3D9E-6B39-48BD-B547-0D91325261B1}.Debug|x86.Build.0 = Debug|x86
		{957A3D9E-6B39-48BD-B547-0D91325261B1}.Release|Any CPU.ActiveCfg = Release|x86
		{957A3D9E-6B39-48BD-B547-0D91325261B1}.Release|Mixed Platforms.ActiveCfg = Release|x86
		{957A3D9E-6B39-48BD-B547-0D91325261B1}.Release|Mixed Platforms.Build.0 = Release|x86
		{957A3D9E-6B39-48BD-B547-0D91325261B1}.Release|x64.ActiveCfg = Release|x86
		{957A3D9E-6B39-48BD-B547-0D91325261B1}.Release|x86.ActiveCfg = Release|x86
		{957A3D9E-6B39-48BD-B547-0D91325261B1}.Release|x86.Build.0 = Release|x86
		{EFBD6DC5-6B22-4C2A-A470-031A281EC462}.Debug|Any CPU.ActiveCfg = Debug|Any CPU
		{EFBD6DC5-6B22-4C2A-A470-031A281EC462}.Debug|Any CPU.Build.0 = Debug|Any CPU
		{EFBD6DC5-6B22-4C2A-A470-031A281EC462}.Debug|Mixed Platforms.ActiveCfg = Debug|Any CPU
		{EFBD6DC5-6B22-4C2A-A470-031A281EC462}.Debug|Mixed Platforms.Build.0 = Debug|Any CPU
		{EFBD6DC5-6B22-4C2A-A470-031A281EC462}.Debug|x64.ActiveCfg = Debug|Any CPU
		{EFBD6DC5-6B22-4C2A-A470-031A281EC462}.Debug|x64.Build.0 = Debug|Any CPU
		{EFBD6DC5-6B22-4C2A-A470-031A281EC462}.Debug|x86.ActiveCfg = Debug|Any CPU
		{EFBD6DC5-6B22-4C2A-A470-031A281EC462}.Release|Any CPU.ActiveCfg = Release|Any CPU
		{EFBD6DC5-6B22-4C2A-A470-031A281EC462}.Release|Any CPU.Build.0 = Release|Any CPU
		{EFBD6DC5-6B22-4C2A-A470-031A281EC462}.Release|Mixed Platforms.ActiveCfg = Release|Any CPU
		{EFBD6DC5-6B22-4C2A-A470-031A281EC462}.Release|x64.ActiveCfg = Release|Any CPU
		{EFBD6DC5-6B22-4C2A-A470-031A281EC462}.Release|x64.Build.0 = Release|Any CPU
		{EFBD6DC5-6B22-4C2A-A470-031A281EC462}.Release|x86.ActiveCfg = Release|Any CPU
		{9D79543F-A5DF-4920-B10D-85748BD9C91E}.Debug|Any CPU.ActiveCfg = Debug|Any CPU
		{9D79543F-A5DF-4920-B10D-85748BD9C91E}.Debug|Any CPU.Build.0 = Debug|Any CPU
		{9D79543F-A5DF-4920-B10D-85748BD9C91E}.Debug|Mixed Platforms.ActiveCfg = Debug|Any CPU
		{9D79543F-A5DF-4920-B10D-85748BD9C91E}.Debug|Mixed Platforms.Build.0 = Debug|Any CPU
		{9D79543F-A5DF-4920-B10D-85748BD9C91E}.Debug|x64.ActiveCfg = Debug|Any CPU
		{9D79543F-A5DF-4920-B10D-85748BD9C91E}.Debug|x64.Build.0 = Debug|Any CPU
		{9D79543F-A5DF-4920-B10D-85748BD9C91E}.Debug|x86.ActiveCfg = Debug|Any CPU
		{9D79543F-A5DF-4920-B10D-85748BD9C91E}.Release|Any CPU.ActiveCfg = Release|Any CPU
		{9D79543F-A5DF-4920-B10D-85748BD9C91E}.Release|Any CPU.Build.0 = Release|Any CPU
		{9D79543F-A5DF-4920-B10D-85748BD9C91E}.Release|Mixed Platforms.ActiveCfg = Debug|Any CPU
		{9D79543F-A5DF-4920-B10D-85748BD9C91E}.Release|x64.ActiveCfg = Release|Any CPU
		{9D79543F-A5DF-4920-B10D-85748BD9C91E}.Release|x64.Build.0 = Release|Any CPU
		{9D79543F-A5DF-4920-B10D-85748BD9C91E}.Release|x86.ActiveCfg = Release|Any CPU
		{49C50AF5-5B56-4021-8840-29EF693D5C29}.Debug|Any CPU.ActiveCfg = Debug|Any CPU
		{49C50AF5-5B56-4021-8840-29EF693D5C29}.Debug|Any CPU.Build.0 = Debug|Any CPU
		{49C50AF5-5B56-4021-8840-29EF693D5C29}.Debug|Mixed Platforms.ActiveCfg = Debug|Any CPU
		{49C50AF5-5B56-4021-8840-29EF693D5C29}.Debug|Mixed Platforms.Build.0 = Debug|Any CPU
		{49C50AF5-5B56-4021-8840-29EF693D5C29}.Debug|x64.ActiveCfg = Debug|Any CPU
		{49C50AF5-5B56-4021-8840-29EF693D5C29}.Debug|x64.Build.0 = Debug|Any CPU
		{49C50AF5-5B56-4021-8840-29EF693D5C29}.Debug|x86.ActiveCfg = Debug|Any CPU
		{49C50AF5-5B56-4021-8840-29EF693D5C29}.Release|Any CPU.ActiveCfg = Release|Any CPU
		{49C50AF5-5B56-4021-8840-29EF693D5C29}.Release|Any CPU.Build.0 = Release|Any CPU
		{49C50AF5-5B56-4021-8840-29EF693D5C29}.Release|Mixed Platforms.ActiveCfg = Debug|Any CPU
		{49C50AF5-5B56-4021-8840-29EF693D5C29}.Release|x64.ActiveCfg = Release|Any CPU
		{49C50AF5-5B56-4021-8840-29EF693D5C29}.Release|x64.Build.0 = Release|Any CPU
		{49C50AF5-5B56-4021-8840-29EF693D5C29}.Release|x86.ActiveCfg = Release|Any CPU
		{5D256FB8-D7BE-4770-AB9F-1526CD2DE81A}.Debug|Any CPU.ActiveCfg = Debug|Any CPU
		{5D256FB8-D7BE-4770-AB9F-1526CD2DE81A}.Debug|Any CPU.Build.0 = Debug|Any CPU
		{5D256FB8-D7BE-4770-AB9F-1526CD2DE81A}.Debug|Mixed Platforms.ActiveCfg = Debug|Any CPU
		{5D256FB8-D7BE-4770-AB9F-1526CD2DE81A}.Debug|Mixed Platforms.Build.0 = Debug|Any CPU
		{5D256FB8-D7BE-4770-AB9F-1526CD2DE81A}.Debug|x64.ActiveCfg = Debug|Any CPU
		{5D256FB8-D7BE-4770-AB9F-1526CD2DE81A}.Debug|x64.Build.0 = Debug|Any CPU
		{5D256FB8-D7BE-4770-AB9F-1526CD2DE81A}.Debug|x86.ActiveCfg = Debug|Any CPU
		{5D256FB8-D7BE-4770-AB9F-1526CD2DE81A}.Release|Any CPU.ActiveCfg = Release|Any CPU
		{5D256FB8-D7BE-4770-AB9F-1526CD2DE81A}.Release|Any CPU.Build.0 = Release|Any CPU
		{5D256FB8-D7BE-4770-AB9F-1526CD2DE81A}.Release|Mixed Platforms.ActiveCfg = Release|Any CPU
		{5D256FB8-D7BE-4770-AB9F-1526CD2DE81A}.Release|x64.ActiveCfg = Release|Any CPU
		{5D256FB8-D7BE-4770-AB9F-1526CD2DE81A}.Release|x64.Build.0 = Release|Any CPU
		{5D256FB8-D7BE-4770-AB9F-1526CD2DE81A}.Release|x86.ActiveCfg = Release|Any CPU
		{BA330F3A-4358-4EFD-BF1A-FD91971BDA1B}.Debug|Any CPU.ActiveCfg = Debug|Any CPU
		{BA330F3A-4358-4EFD-BF1A-FD91971BDA1B}.Debug|Any CPU.Build.0 = Debug|Any CPU
		{BA330F3A-4358-4EFD-BF1A-FD91971BDA1B}.Debug|Mixed Platforms.ActiveCfg = Debug|Any CPU
		{BA330F3A-4358-4EFD-BF1A-FD91971BDA1B}.Debug|Mixed Platforms.Build.0 = Debug|Any CPU
		{BA330F3A-4358-4EFD-BF1A-FD91971BDA1B}.Debug|x64.ActiveCfg = Debug|Any CPU
		{BA330F3A-4358-4EFD-BF1A-FD91971BDA1B}.Debug|x64.Build.0 = Debug|Any CPU
		{BA330F3A-4358-4EFD-BF1A-FD91971BDA1B}.Debug|x86.ActiveCfg = Debug|Any CPU
		{BA330F3A-4358-4EFD-BF1A-FD91971BDA1B}.Release|Any CPU.ActiveCfg = Release|Any CPU
		{BA330F3A-4358-4EFD-BF1A-FD91971BDA1B}.Release|Any CPU.Build.0 = Release|Any CPU
		{BA330F3A-4358-4EFD-BF1A-FD91971BDA1B}.Release|Mixed Platforms.ActiveCfg = Release|Any CPU
		{BA330F3A-4358-4EFD-BF1A-FD91971BDA1B}.Release|x64.ActiveCfg = Release|Any CPU
		{BA330F3A-4358-4EFD-BF1A-FD91971BDA1B}.Release|x64.Build.0 = Release|Any CPU
		{BA330F3A-4358-4EFD-BF1A-FD91971BDA1B}.Release|x86.ActiveCfg = Release|Any CPU
		{C90071EE-A4B3-474B-89A6-64C3835E07F3}.Debug|Any CPU.ActiveCfg = Debug|Any CPU
		{C90071EE-A4B3-474B-89A6-64C3835E07F3}.Debug|Any CPU.Build.0 = Debug|Any CPU
		{C90071EE-A4B3-474B-89A6-64C3835E07F3}.Debug|Mixed Platforms.ActiveCfg = Debug|Any CPU
		{C90071EE-A4B3-474B-89A6-64C3835E07F3}.Debug|Mixed Platforms.Build.0 = Debug|Any CPU
		{C90071EE-A4B3-474B-89A6-64C3835E07F3}.Debug|x64.ActiveCfg = Debug|Any CPU
		{C90071EE-A4B3-474B-89A6-64C3835E07F3}.Debug|x64.Build.0 = Debug|Any CPU
		{C90071EE-A4B3-474B-89A6-64C3835E07F3}.Debug|x86.ActiveCfg = Debug|Any CPU
		{C90071EE-A4B3-474B-89A6-64C3835E07F3}.Release|Any CPU.ActiveCfg = Release|Any CPU
		{C90071EE-A4B3-474B-89A6-64C3835E07F3}.Release|Any CPU.Build.0 = Release|Any CPU
		{C90071EE-A4B3-474B-89A6-64C3835E07F3}.Release|Mixed Platforms.ActiveCfg = Release|Any CPU
		{C90071EE-A4B3-474B-89A6-64C3835E07F3}.Release|Mixed Platforms.Build.0 = Release|Any CPU
		{C90071EE-A4B3-474B-89A6-64C3835E07F3}.Release|x64.ActiveCfg = Release|Any CPU
		{C90071EE-A4B3-474B-89A6-64C3835E07F3}.Release|x64.Build.0 = Release|Any CPU
		{C90071EE-A4B3-474B-89A6-64C3835E07F3}.Release|x86.ActiveCfg = Release|Any CPU
		{D4BBE3B9-26FC-4873-B7F3-EE399CB9BE75}.Debug|Any CPU.ActiveCfg = Debug|Any CPU
		{D4BBE3B9-26FC-4873-B7F3-EE399CB9BE75}.Debug|Any CPU.Build.0 = Debug|Any CPU
		{D4BBE3B9-26FC-4873-B7F3-EE399CB9BE75}.Debug|Mixed Platforms.ActiveCfg = Debug|Any CPU
		{D4BBE3B9-26FC-4873-B7F3-EE399CB9BE75}.Debug|Mixed Platforms.Build.0 = Debug|Any CPU
		{D4BBE3B9-26FC-4873-B7F3-EE399CB9BE75}.Debug|x64.ActiveCfg = Debug|Any CPU
		{D4BBE3B9-26FC-4873-B7F3-EE399CB9BE75}.Debug|x64.Build.0 = Debug|Any CPU
		{D4BBE3B9-26FC-4873-B7F3-EE399CB9BE75}.Debug|x86.ActiveCfg = Debug|Any CPU
		{D4BBE3B9-26FC-4873-B7F3-EE399CB9BE75}.Release|Any CPU.ActiveCfg = Release|Any CPU
		{D4BBE3B9-26FC-4873-B7F3-EE399CB9BE75}.Release|Any CPU.Build.0 = Release|Any CPU
		{D4BBE3B9-26FC-4873-B7F3-EE399CB9BE75}.Release|Mixed Platforms.ActiveCfg = Release|Any CPU
		{D4BBE3B9-26FC-4873-B7F3-EE399CB9BE75}.Release|Mixed Platforms.Deploy.0 = Release|Any CPU
		{D4BBE3B9-26FC-4873-B7F3-EE399CB9BE75}.Release|x64.ActiveCfg = Release|Any CPU
		{D4BBE3B9-26FC-4873-B7F3-EE399CB9BE75}.Release|x64.Build.0 = Release|Any CPU
		{D4BBE3B9-26FC-4873-B7F3-EE399CB9BE75}.Release|x86.ActiveCfg = Release|Any CPU
		{93BBB3B5-2766-4E96-9798-38CAA3C44528}.Debug|Any CPU.ActiveCfg = Debug|Any CPU
		{93BBB3B5-2766-4E96-9798-38CAA3C44528}.Debug|Any CPU.Build.0 = Debug|Any CPU
		{93BBB3B5-2766-4E96-9798-38CAA3C44528}.Debug|Mixed Platforms.ActiveCfg = Debug|Any CPU
		{93BBB3B5-2766-4E96-9798-38CAA3C44528}.Debug|Mixed Platforms.Build.0 = Debug|Any CPU
		{93BBB3B5-2766-4E96-9798-38CAA3C44528}.Debug|x64.ActiveCfg = Debug|Any CPU
		{93BBB3B5-2766-4E96-9798-38CAA3C44528}.Debug|x64.Build.0 = Debug|Any CPU
		{93BBB3B5-2766-4E96-9798-38CAA3C44528}.Debug|x86.ActiveCfg = Debug|Any CPU
		{93BBB3B5-2766-4E96-9798-38CAA3C44528}.Release|Any CPU.ActiveCfg = Release|Any CPU
		{93BBB3B5-2766-4E96-9798-38CAA3C44528}.Release|Any CPU.Build.0 = Release|Any CPU
		{93BBB3B5-2766-4E96-9798-38CAA3C44528}.Release|Mixed Platforms.ActiveCfg = Release|Any CPU
		{93BBB3B5-2766-4E96-9798-38CAA3C44528}.Release|Mixed Platforms.Build.0 = Release|Any CPU
		{93BBB3B5-2766-4E96-9798-38CAA3C44528}.Release|x64.ActiveCfg = Release|Any CPU
		{93BBB3B5-2766-4E96-9798-38CAA3C44528}.Release|x64.Build.0 = Release|Any CPU
		{93BBB3B5-2766-4E96-9798-38CAA3C44528}.Release|x86.ActiveCfg = Release|Any CPU
		{9B204764-7A39-437C-AB71-F1348200D8DA}.Debug|Any CPU.ActiveCfg = Debug|Any CPU
		{9B204764-7A39-437C-AB71-F1348200D8DA}.Debug|Any CPU.Build.0 = Debug|Any CPU
		{9B204764-7A39-437C-AB71-F1348200D8DA}.Debug|Mixed Platforms.ActiveCfg = Debug|Any CPU
		{9B204764-7A39-437C-AB71-F1348200D8DA}.Debug|Mixed Platforms.Build.0 = Debug|Any CPU
		{9B204764-7A39-437C-AB71-F1348200D8DA}.Debug|x64.ActiveCfg = Debug|Any CPU
		{9B204764-7A39-437C-AB71-F1348200D8DA}.Debug|x64.Build.0 = Debug|Any CPU
		{9B204764-7A39-437C-AB71-F1348200D8DA}.Debug|x86.ActiveCfg = Debug|Any CPU
		{9B204764-7A39-437C-AB71-F1348200D8DA}.Release|Any CPU.ActiveCfg = Release|Any CPU
		{9B204764-7A39-437C-AB71-F1348200D8DA}.Release|Any CPU.Build.0 = Release|Any CPU
		{9B204764-7A39-437C-AB71-F1348200D8DA}.Release|Mixed Platforms.ActiveCfg = Release|Any CPU
		{9B204764-7A39-437C-AB71-F1348200D8DA}.Release|Mixed Platforms.Build.0 = Release|Any CPU
		{9B204764-7A39-437C-AB71-F1348200D8DA}.Release|x64.ActiveCfg = Release|Any CPU
		{9B204764-7A39-437C-AB71-F1348200D8DA}.Release|x64.Build.0 = Release|Any CPU
		{9B204764-7A39-437C-AB71-F1348200D8DA}.Release|x86.ActiveCfg = Release|Any CPU
		{AB6CD6CB-4DB5-46A2-AC3C-3222B21AAAD7}.Debug|Any CPU.ActiveCfg = Debug|Any CPU
		{AB6CD6CB-4DB5-46A2-AC3C-3222B21AAAD7}.Debug|Any CPU.Build.0 = Debug|Any CPU
		{AB6CD6CB-4DB5-46A2-AC3C-3222B21AAAD7}.Debug|Mixed Platforms.ActiveCfg = Debug|Any CPU
		{AB6CD6CB-4DB5-46A2-AC3C-3222B21AAAD7}.Debug|Mixed Platforms.Build.0 = Debug|Any CPU
		{AB6CD6CB-4DB5-46A2-AC3C-3222B21AAAD7}.Debug|x64.ActiveCfg = Debug|Any CPU
		{AB6CD6CB-4DB5-46A2-AC3C-3222B21AAAD7}.Debug|x64.Build.0 = Debug|Any CPU
		{AB6CD6CB-4DB5-46A2-AC3C-3222B21AAAD7}.Debug|x86.ActiveCfg = Debug|Any CPU
		{AB6CD6CB-4DB5-46A2-AC3C-3222B21AAAD7}.Release|Any CPU.ActiveCfg = Release|Any CPU
		{AB6CD6CB-4DB5-46A2-AC3C-3222B21AAAD7}.Release|Any CPU.Build.0 = Release|Any CPU
		{AB6CD6CB-4DB5-46A2-AC3C-3222B21AAAD7}.Release|Mixed Platforms.ActiveCfg = Release|Any CPU
		{AB6CD6CB-4DB5-46A2-AC3C-3222B21AAAD7}.Release|x64.ActiveCfg = Release|Any CPU
		{AB6CD6CB-4DB5-46A2-AC3C-3222B21AAAD7}.Release|x64.Build.0 = Release|Any CPU
		{AB6CD6CB-4DB5-46A2-AC3C-3222B21AAAD7}.Release|x86.ActiveCfg = Release|Any CPU
		{E96A2B91-B9AE-4037-971B-25D6F8B46F83}.Debug|Any CPU.ActiveCfg = Debug|Any CPU
		{E96A2B91-B9AE-4037-971B-25D6F8B46F83}.Debug|Any CPU.Build.0 = Debug|Any CPU
		{E96A2B91-B9AE-4037-971B-25D6F8B46F83}.Debug|Mixed Platforms.ActiveCfg = Debug|Any CPU
		{E96A2B91-B9AE-4037-971B-25D6F8B46F83}.Debug|Mixed Platforms.Build.0 = Debug|Any CPU
		{E96A2B91-B9AE-4037-971B-25D6F8B46F83}.Debug|x64.ActiveCfg = Debug|Any CPU
		{E96A2B91-B9AE-4037-971B-25D6F8B46F83}.Debug|x64.Build.0 = Debug|Any CPU
		{E96A2B91-B9AE-4037-971B-25D6F8B46F83}.Debug|x86.ActiveCfg = Debug|Any CPU
		{E96A2B91-B9AE-4037-971B-25D6F8B46F83}.Release|Any CPU.ActiveCfg = Release|Any CPU
		{E96A2B91-B9AE-4037-971B-25D6F8B46F83}.Release|Any CPU.Build.0 = Release|Any CPU
		{E96A2B91-B9AE-4037-971B-25D6F8B46F83}.Release|Mixed Platforms.ActiveCfg = Release|Any CPU
		{E96A2B91-B9AE-4037-971B-25D6F8B46F83}.Release|x64.ActiveCfg = Release|Any CPU
		{E96A2B91-B9AE-4037-971B-25D6F8B46F83}.Release|x64.Build.0 = Release|Any CPU
		{E96A2B91-B9AE-4037-971B-25D6F8B46F83}.Release|x86.ActiveCfg = Release|Any CPU
		{9A355746-4B45-449E-93DF-21F6DFD0896A}.Debug|Any CPU.ActiveCfg = Debug|Any CPU
		{9A355746-4B45-449E-93DF-21F6DFD0896A}.Debug|Any CPU.Build.0 = Debug|Any CPU
		{9A355746-4B45-449E-93DF-21F6DFD0896A}.Debug|Mixed Platforms.ActiveCfg = Debug|Any CPU
		{9A355746-4B45-449E-93DF-21F6DFD0896A}.Debug|Mixed Platforms.Build.0 = Debug|Any CPU
		{9A355746-4B45-449E-93DF-21F6DFD0896A}.Debug|x64.ActiveCfg = Debug|Any CPU
		{9A355746-4B45-449E-93DF-21F6DFD0896A}.Debug|x64.Build.0 = Debug|Any CPU
		{9A355746-4B45-449E-93DF-21F6DFD0896A}.Debug|x86.ActiveCfg = Debug|Any CPU
		{9A355746-4B45-449E-93DF-21F6DFD0896A}.Release|Any CPU.ActiveCfg = Release|Any CPU
		{9A355746-4B45-449E-93DF-21F6DFD0896A}.Release|Any CPU.Build.0 = Release|Any CPU
		{9A355746-4B45-449E-93DF-21F6DFD0896A}.Release|Mixed Platforms.ActiveCfg = Release|Any CPU
		{9A355746-4B45-449E-93DF-21F6DFD0896A}.Release|Mixed Platforms.Build.0 = Release|Any CPU
		{9A355746-4B45-449E-93DF-21F6DFD0896A}.Release|x64.ActiveCfg = Release|Any CPU
		{9A355746-4B45-449E-93DF-21F6DFD0896A}.Release|x64.Build.0 = Release|Any CPU
		{9A355746-4B45-449E-93DF-21F6DFD0896A}.Release|x86.ActiveCfg = Release|Any CPU
		{8751D9FB-8A46-49FB-A874-208989D15F02}.Debug|Any CPU.ActiveCfg = Debug|Any CPU
		{8751D9FB-8A46-49FB-A874-208989D15F02}.Debug|Any CPU.Build.0 = Debug|Any CPU
		{8751D9FB-8A46-49FB-A874-208989D15F02}.Debug|Mixed Platforms.ActiveCfg = Debug|Any CPU
		{8751D9FB-8A46-49FB-A874-208989D15F02}.Debug|Mixed Platforms.Build.0 = Debug|Any CPU
		{8751D9FB-8A46-49FB-A874-208989D15F02}.Debug|x64.ActiveCfg = Debug|Any CPU
		{8751D9FB-8A46-49FB-A874-208989D15F02}.Debug|x64.Build.0 = Debug|Any CPU
		{8751D9FB-8A46-49FB-A874-208989D15F02}.Debug|x86.ActiveCfg = Debug|Any CPU
		{8751D9FB-8A46-49FB-A874-208989D15F02}.Release|Any CPU.ActiveCfg = Release|Any CPU
		{8751D9FB-8A46-49FB-A874-208989D15F02}.Release|Any CPU.Build.0 = Release|Any CPU
		{8751D9FB-8A46-49FB-A874-208989D15F02}.Release|Mixed Platforms.ActiveCfg = Release|Any CPU
		{8751D9FB-8A46-49FB-A874-208989D15F02}.Release|Mixed Platforms.Build.0 = Release|Any CPU
		{8751D9FB-8A46-49FB-A874-208989D15F02}.Release|x64.ActiveCfg = Release|Any CPU
		{8751D9FB-8A46-49FB-A874-208989D15F02}.Release|x64.Build.0 = Release|Any CPU
		{8751D9FB-8A46-49FB-A874-208989D15F02}.Release|x86.ActiveCfg = Release|Any CPU
		{68453906-153D-4CD0-8AF4-B1B178D6CE28}.Debug|Any CPU.ActiveCfg = Debug|Any CPU
		{68453906-153D-4CD0-8AF4-B1B178D6CE28}.Debug|Any CPU.Build.0 = Debug|Any CPU
		{68453906-153D-4CD0-8AF4-B1B178D6CE28}.Debug|Mixed Platforms.ActiveCfg = Debug|Any CPU
		{68453906-153D-4CD0-8AF4-B1B178D6CE28}.Debug|Mixed Platforms.Build.0 = Debug|Any CPU
		{68453906-153D-4CD0-8AF4-B1B178D6CE28}.Debug|x64.ActiveCfg = Debug|Any CPU
		{68453906-153D-4CD0-8AF4-B1B178D6CE28}.Debug|x64.Build.0 = Debug|Any CPU
		{68453906-153D-4CD0-8AF4-B1B178D6CE28}.Debug|x86.ActiveCfg = Debug|Any CPU
		{68453906-153D-4CD0-8AF4-B1B178D6CE28}.Debug|x86.Build.0 = Debug|Any CPU
		{68453906-153D-4CD0-8AF4-B1B178D6CE28}.Release|Any CPU.ActiveCfg = Release|Any CPU
		{68453906-153D-4CD0-8AF4-B1B178D6CE28}.Release|Any CPU.Build.0 = Release|Any CPU
		{68453906-153D-4CD0-8AF4-B1B178D6CE28}.Release|Mixed Platforms.ActiveCfg = Release|Any CPU
		{68453906-153D-4CD0-8AF4-B1B178D6CE28}.Release|Mixed Platforms.Build.0 = Release|Any CPU
		{68453906-153D-4CD0-8AF4-B1B178D6CE28}.Release|x64.ActiveCfg = Release|Any CPU
		{68453906-153D-4CD0-8AF4-B1B178D6CE28}.Release|x64.Build.0 = Release|Any CPU
		{68453906-153D-4CD0-8AF4-B1B178D6CE28}.Release|x86.ActiveCfg = Release|Any CPU
		{68453906-153D-4CD0-8AF4-B1B178D6CE28}.Release|x86.Build.0 = Release|Any CPU
		{87A06C9E-F860-4F65-AD47-E4D97339382E}.Debug|Any CPU.ActiveCfg = Debug|Any CPU
		{87A06C9E-F860-4F65-AD47-E4D97339382E}.Debug|Any CPU.Build.0 = Debug|Any CPU
		{87A06C9E-F860-4F65-AD47-E4D97339382E}.Debug|Mixed Platforms.ActiveCfg = Debug|Any CPU
		{87A06C9E-F860-4F65-AD47-E4D97339382E}.Debug|Mixed Platforms.Build.0 = Debug|Any CPU
		{87A06C9E-F860-4F65-AD47-E4D97339382E}.Debug|x64.ActiveCfg = Debug|Any CPU
		{87A06C9E-F860-4F65-AD47-E4D97339382E}.Debug|x64.Build.0 = Debug|Any CPU
		{87A06C9E-F860-4F65-AD47-E4D97339382E}.Debug|x86.ActiveCfg = Debug|Any CPU
		{87A06C9E-F860-4F65-AD47-E4D97339382E}.Debug|x86.Build.0 = Debug|Any CPU
		{87A06C9E-F860-4F65-AD47-E4D97339382E}.Release|Any CPU.ActiveCfg = Release|Any CPU
		{87A06C9E-F860-4F65-AD47-E4D97339382E}.Release|Any CPU.Build.0 = Release|Any CPU
		{87A06C9E-F860-4F65-AD47-E4D97339382E}.Release|Mixed Platforms.ActiveCfg = Release|Any CPU
		{87A06C9E-F860-4F65-AD47-E4D97339382E}.Release|Mixed Platforms.Build.0 = Release|Any CPU
		{87A06C9E-F860-4F65-AD47-E4D97339382E}.Release|x64.ActiveCfg = Release|Any CPU
		{87A06C9E-F860-4F65-AD47-E4D97339382E}.Release|x64.Build.0 = Release|Any CPU
		{87A06C9E-F860-4F65-AD47-E4D97339382E}.Release|x86.ActiveCfg = Release|Any CPU
		{87A06C9E-F860-4F65-AD47-E4D97339382E}.Release|x86.Build.0 = Release|Any CPU
		{FE0493C3-FF8E-4EED-A55F-0C30F33FD3D9}.Debug|Any CPU.ActiveCfg = Debug|Any CPU
		{FE0493C3-FF8E-4EED-A55F-0C30F33FD3D9}.Debug|Any CPU.Build.0 = Debug|Any CPU
		{FE0493C3-FF8E-4EED-A55F-0C30F33FD3D9}.Debug|Mixed Platforms.ActiveCfg = Debug|Any CPU
		{FE0493C3-FF8E-4EED-A55F-0C30F33FD3D9}.Debug|Mixed Platforms.Build.0 = Debug|Any CPU
		{FE0493C3-FF8E-4EED-A55F-0C30F33FD3D9}.Debug|x64.ActiveCfg = Debug|Any CPU
		{FE0493C3-FF8E-4EED-A55F-0C30F33FD3D9}.Debug|x64.Build.0 = Debug|Any CPU
		{FE0493C3-FF8E-4EED-A55F-0C30F33FD3D9}.Debug|x86.ActiveCfg = Debug|Any CPU
		{FE0493C3-FF8E-4EED-A55F-0C30F33FD3D9}.Debug|x86.Build.0 = Debug|Any CPU
		{FE0493C3-FF8E-4EED-A55F-0C30F33FD3D9}.Release|Any CPU.ActiveCfg = Release|Any CPU
		{FE0493C3-FF8E-4EED-A55F-0C30F33FD3D9}.Release|Any CPU.Build.0 = Release|Any CPU
		{FE0493C3-FF8E-4EED-A55F-0C30F33FD3D9}.Release|Mixed Platforms.ActiveCfg = Release|Any CPU
		{FE0493C3-FF8E-4EED-A55F-0C30F33FD3D9}.Release|Mixed Platforms.Build.0 = Release|Any CPU
		{FE0493C3-FF8E-4EED-A55F-0C30F33FD3D9}.Release|x64.ActiveCfg = Release|Any CPU
		{FE0493C3-FF8E-4EED-A55F-0C30F33FD3D9}.Release|x64.Build.0 = Release|Any CPU
		{FE0493C3-FF8E-4EED-A55F-0C30F33FD3D9}.Release|x86.ActiveCfg = Release|Any CPU
		{FE0493C3-FF8E-4EED-A55F-0C30F33FD3D9}.Release|x86.Build.0 = Release|Any CPU
		{0C039785-E08C-4BD3-8698-0FD66E5E1151}.Debug|Any CPU.ActiveCfg = Debug|Any CPU
		{0C039785-E08C-4BD3-8698-0FD66E5E1151}.Debug|Any CPU.Build.0 = Debug|Any CPU
		{0C039785-E08C-4BD3-8698-0FD66E5E1151}.Debug|Mixed Platforms.ActiveCfg = Debug|Any CPU
		{0C039785-E08C-4BD3-8698-0FD66E5E1151}.Debug|Mixed Platforms.Build.0 = Debug|Any CPU
		{0C039785-E08C-4BD3-8698-0FD66E5E1151}.Debug|x64.ActiveCfg = Debug|Any CPU
		{0C039785-E08C-4BD3-8698-0FD66E5E1151}.Debug|x64.Build.0 = Debug|Any CPU
		{0C039785-E08C-4BD3-8698-0FD66E5E1151}.Debug|x86.ActiveCfg = Debug|Any CPU
		{0C039785-E08C-4BD3-8698-0FD66E5E1151}.Debug|x86.Build.0 = Debug|Any CPU
		{0C039785-E08C-4BD3-8698-0FD66E5E1151}.Release|Any CPU.ActiveCfg = Release|Any CPU
		{0C039785-E08C-4BD3-8698-0FD66E5E1151}.Release|Any CPU.Build.0 = Release|Any CPU
		{0C039785-E08C-4BD3-8698-0FD66E5E1151}.Release|Mixed Platforms.ActiveCfg = Release|Any CPU
		{0C039785-E08C-4BD3-8698-0FD66E5E1151}.Release|Mixed Platforms.Build.0 = Release|Any CPU
		{0C039785-E08C-4BD3-8698-0FD66E5E1151}.Release|x64.ActiveCfg = Release|Any CPU
		{0C039785-E08C-4BD3-8698-0FD66E5E1151}.Release|x64.Build.0 = Release|Any CPU
		{0C039785-E08C-4BD3-8698-0FD66E5E1151}.Release|x86.ActiveCfg = Release|Any CPU
		{0C039785-E08C-4BD3-8698-0FD66E5E1151}.Release|x86.Build.0 = Release|Any CPU
		{0E8D017D-4663-4805-8F2B-7E0AA153975A}.Debug|Any CPU.ActiveCfg = Debug|Any CPU
		{0E8D017D-4663-4805-8F2B-7E0AA153975A}.Debug|Any CPU.Build.0 = Debug|Any CPU
		{0E8D017D-4663-4805-8F2B-7E0AA153975A}.Debug|Mixed Platforms.ActiveCfg = Debug|Any CPU
		{0E8D017D-4663-4805-8F2B-7E0AA153975A}.Debug|Mixed Platforms.Build.0 = Debug|Any CPU
		{0E8D017D-4663-4805-8F2B-7E0AA153975A}.Debug|x64.ActiveCfg = Debug|Any CPU
		{0E8D017D-4663-4805-8F2B-7E0AA153975A}.Debug|x64.Build.0 = Debug|Any CPU
		{0E8D017D-4663-4805-8F2B-7E0AA153975A}.Debug|x86.ActiveCfg = Debug|Any CPU
		{0E8D017D-4663-4805-8F2B-7E0AA153975A}.Debug|x86.Build.0 = Debug|Any CPU
		{0E8D017D-4663-4805-8F2B-7E0AA153975A}.Release|Any CPU.ActiveCfg = Release|Any CPU
		{0E8D017D-4663-4805-8F2B-7E0AA153975A}.Release|Any CPU.Build.0 = Release|Any CPU
		{0E8D017D-4663-4805-8F2B-7E0AA153975A}.Release|Mixed Platforms.ActiveCfg = Release|Any CPU
		{0E8D017D-4663-4805-8F2B-7E0AA153975A}.Release|Mixed Platforms.Build.0 = Release|Any CPU
		{0E8D017D-4663-4805-8F2B-7E0AA153975A}.Release|x64.ActiveCfg = Release|Any CPU
		{0E8D017D-4663-4805-8F2B-7E0AA153975A}.Release|x64.Build.0 = Release|Any CPU
		{0E8D017D-4663-4805-8F2B-7E0AA153975A}.Release|x86.ActiveCfg = Release|Any CPU
		{0E8D017D-4663-4805-8F2B-7E0AA153975A}.Release|x86.Build.0 = Release|Any CPU
		{F1EDFAFB-53F9-48AF-9E88-A229DEFE8DB3}.Debug|Any CPU.ActiveCfg = Debug|Any CPU
		{F1EDFAFB-53F9-48AF-9E88-A229DEFE8DB3}.Debug|Any CPU.Build.0 = Debug|Any CPU
		{F1EDFAFB-53F9-48AF-9E88-A229DEFE8DB3}.Debug|Mixed Platforms.ActiveCfg = Debug|Any CPU
		{F1EDFAFB-53F9-48AF-9E88-A229DEFE8DB3}.Debug|Mixed Platforms.Build.0 = Debug|Any CPU
		{F1EDFAFB-53F9-48AF-9E88-A229DEFE8DB3}.Debug|x64.ActiveCfg = Debug|x64
		{F1EDFAFB-53F9-48AF-9E88-A229DEFE8DB3}.Debug|x64.Build.0 = Debug|x64
		{F1EDFAFB-53F9-48AF-9E88-A229DEFE8DB3}.Debug|x86.ActiveCfg = Debug|Any CPU
		{F1EDFAFB-53F9-48AF-9E88-A229DEFE8DB3}.Debug|x86.Build.0 = Debug|Any CPU
		{F1EDFAFB-53F9-48AF-9E88-A229DEFE8DB3}.Release|Any CPU.ActiveCfg = Release|Any CPU
		{F1EDFAFB-53F9-48AF-9E88-A229DEFE8DB3}.Release|Any CPU.Build.0 = Release|Any CPU
		{F1EDFAFB-53F9-48AF-9E88-A229DEFE8DB3}.Release|Mixed Platforms.ActiveCfg = Release|Any CPU
		{F1EDFAFB-53F9-48AF-9E88-A229DEFE8DB3}.Release|Mixed Platforms.Build.0 = Release|Any CPU
		{F1EDFAFB-53F9-48AF-9E88-A229DEFE8DB3}.Release|x64.ActiveCfg = Release|x64
		{F1EDFAFB-53F9-48AF-9E88-A229DEFE8DB3}.Release|x64.Build.0 = Release|x64
		{F1EDFAFB-53F9-48AF-9E88-A229DEFE8DB3}.Release|x86.ActiveCfg = Release|Any CPU
		{F1EDFAFB-53F9-48AF-9E88-A229DEFE8DB3}.Release|x86.Build.0 = Release|Any CPU
		{38D2F651-A527-40E1-BFBC-7E708F86F779}.Debug|Any CPU.ActiveCfg = Debug|Any CPU
		{38D2F651-A527-40E1-BFBC-7E708F86F779}.Debug|Any CPU.Build.0 = Debug|Any CPU
		{38D2F651-A527-40E1-BFBC-7E708F86F779}.Debug|Mixed Platforms.ActiveCfg = Debug|Any CPU
		{38D2F651-A527-40E1-BFBC-7E708F86F779}.Debug|Mixed Platforms.Build.0 = Debug|Any CPU
		{38D2F651-A527-40E1-BFBC-7E708F86F779}.Debug|x64.ActiveCfg = Debug|Any CPU
		{38D2F651-A527-40E1-BFBC-7E708F86F779}.Debug|x64.Build.0 = Debug|Any CPU
		{38D2F651-A527-40E1-BFBC-7E708F86F779}.Debug|x86.ActiveCfg = Debug|Any CPU
		{38D2F651-A527-40E1-BFBC-7E708F86F779}.Debug|x86.Build.0 = Debug|Any CPU
		{38D2F651-A527-40E1-BFBC-7E708F86F779}.Release|Any CPU.ActiveCfg = Release|Any CPU
		{38D2F651-A527-40E1-BFBC-7E708F86F779}.Release|Any CPU.Build.0 = Release|Any CPU
		{38D2F651-A527-40E1-BFBC-7E708F86F779}.Release|Mixed Platforms.ActiveCfg = Release|Any CPU
		{38D2F651-A527-40E1-BFBC-7E708F86F779}.Release|Mixed Platforms.Build.0 = Release|Any CPU
		{38D2F651-A527-40E1-BFBC-7E708F86F779}.Release|x64.ActiveCfg = Release|Any CPU
		{38D2F651-A527-40E1-BFBC-7E708F86F779}.Release|x64.Build.0 = Release|Any CPU
		{38D2F651-A527-40E1-BFBC-7E708F86F779}.Release|x86.ActiveCfg = Release|Any CPU
		{38D2F651-A527-40E1-BFBC-7E708F86F779}.Release|x86.Build.0 = Release|Any CPU
		{F3801DEA-EA65-4EDE-95C9-859B9496C1EE}.Debug|Any CPU.ActiveCfg = Debug|Any CPU
		{F3801DEA-EA65-4EDE-95C9-859B9496C1EE}.Debug|Any CPU.Build.0 = Debug|Any CPU
		{F3801DEA-EA65-4EDE-95C9-859B9496C1EE}.Debug|Mixed Platforms.ActiveCfg = Debug|Any CPU
		{F3801DEA-EA65-4EDE-95C9-859B9496C1EE}.Debug|Mixed Platforms.Build.0 = Debug|Any CPU
		{F3801DEA-EA65-4EDE-95C9-859B9496C1EE}.Debug|x64.ActiveCfg = Debug|Any CPU
		{F3801DEA-EA65-4EDE-95C9-859B9496C1EE}.Debug|x64.Build.0 = Debug|Any CPU
		{F3801DEA-EA65-4EDE-95C9-859B9496C1EE}.Debug|x86.ActiveCfg = Debug|Any CPU
		{F3801DEA-EA65-4EDE-95C9-859B9496C1EE}.Debug|x86.Build.0 = Debug|Any CPU
		{F3801DEA-EA65-4EDE-95C9-859B9496C1EE}.Release|Any CPU.ActiveCfg = Release|Any CPU
		{F3801DEA-EA65-4EDE-95C9-859B9496C1EE}.Release|Any CPU.Build.0 = Release|Any CPU
		{F3801DEA-EA65-4EDE-95C9-859B9496C1EE}.Release|Mixed Platforms.ActiveCfg = Release|Any CPU
		{F3801DEA-EA65-4EDE-95C9-859B9496C1EE}.Release|Mixed Platforms.Build.0 = Release|Any CPU
		{F3801DEA-EA65-4EDE-95C9-859B9496C1EE}.Release|x64.ActiveCfg = Release|Any CPU
		{F3801DEA-EA65-4EDE-95C9-859B9496C1EE}.Release|x64.Build.0 = Release|Any CPU
		{F3801DEA-EA65-4EDE-95C9-859B9496C1EE}.Release|x86.ActiveCfg = Release|Any CPU
		{F3801DEA-EA65-4EDE-95C9-859B9496C1EE}.Release|x86.Build.0 = Release|Any CPU
		{5AF4D836-00B5-43C2-8974-8AFFABD2DF90}.Debug|Any CPU.ActiveCfg = Debug|Any CPU
		{5AF4D836-00B5-43C2-8974-8AFFABD2DF90}.Debug|Any CPU.Build.0 = Debug|Any CPU
		{5AF4D836-00B5-43C2-8974-8AFFABD2DF90}.Debug|Mixed Platforms.ActiveCfg = Debug|Any CPU
		{5AF4D836-00B5-43C2-8974-8AFFABD2DF90}.Debug|Mixed Platforms.Build.0 = Debug|Any CPU
		{5AF4D836-00B5-43C2-8974-8AFFABD2DF90}.Debug|x64.ActiveCfg = Debug|Any CPU
		{5AF4D836-00B5-43C2-8974-8AFFABD2DF90}.Debug|x64.Build.0 = Debug|Any CPU
		{5AF4D836-00B5-43C2-8974-8AFFABD2DF90}.Debug|x86.ActiveCfg = Debug|Any CPU
		{5AF4D836-00B5-43C2-8974-8AFFABD2DF90}.Debug|x86.Build.0 = Debug|Any CPU
		{5AF4D836-00B5-43C2-8974-8AFFABD2DF90}.Release|Any CPU.ActiveCfg = Release|Any CPU
		{5AF4D836-00B5-43C2-8974-8AFFABD2DF90}.Release|Any CPU.Build.0 = Release|Any CPU
		{5AF4D836-00B5-43C2-8974-8AFFABD2DF90}.Release|Mixed Platforms.ActiveCfg = Release|Any CPU
		{5AF4D836-00B5-43C2-8974-8AFFABD2DF90}.Release|Mixed Platforms.Build.0 = Release|Any CPU
		{5AF4D836-00B5-43C2-8974-8AFFABD2DF90}.Release|x64.ActiveCfg = Release|Any CPU
		{5AF4D836-00B5-43C2-8974-8AFFABD2DF90}.Release|x64.Build.0 = Release|Any CPU
		{5AF4D836-00B5-43C2-8974-8AFFABD2DF90}.Release|x86.ActiveCfg = Release|Any CPU
		{5AF4D836-00B5-43C2-8974-8AFFABD2DF90}.Release|x86.Build.0 = Release|Any CPU
		{FC18EBFF-FA5C-4F92-A90C-FE14E29D9471}.Debug|Any CPU.ActiveCfg = Debug|Any CPU
		{FC18EBFF-FA5C-4F92-A90C-FE14E29D9471}.Debug|Any CPU.Build.0 = Debug|Any CPU
		{FC18EBFF-FA5C-4F92-A90C-FE14E29D9471}.Debug|Mixed Platforms.ActiveCfg = Debug|Any CPU
		{FC18EBFF-FA5C-4F92-A90C-FE14E29D9471}.Debug|Mixed Platforms.Build.0 = Debug|Any CPU
		{FC18EBFF-FA5C-4F92-A90C-FE14E29D9471}.Debug|x64.ActiveCfg = Debug|Any CPU
		{FC18EBFF-FA5C-4F92-A90C-FE14E29D9471}.Debug|x64.Build.0 = Debug|Any CPU
		{FC18EBFF-FA5C-4F92-A90C-FE14E29D9471}.Debug|x86.ActiveCfg = Debug|Any CPU
		{FC18EBFF-FA5C-4F92-A90C-FE14E29D9471}.Debug|x86.Build.0 = Debug|Any CPU
		{FC18EBFF-FA5C-4F92-A90C-FE14E29D9471}.Release|Any CPU.ActiveCfg = Release|Any CPU
		{FC18EBFF-FA5C-4F92-A90C-FE14E29D9471}.Release|Any CPU.Build.0 = Release|Any CPU
		{FC18EBFF-FA5C-4F92-A90C-FE14E29D9471}.Release|Mixed Platforms.ActiveCfg = Release|Any CPU
		{FC18EBFF-FA5C-4F92-A90C-FE14E29D9471}.Release|Mixed Platforms.Build.0 = Release|Any CPU
		{FC18EBFF-FA5C-4F92-A90C-FE14E29D9471}.Release|x64.ActiveCfg = Release|Any CPU
		{FC18EBFF-FA5C-4F92-A90C-FE14E29D9471}.Release|x64.Build.0 = Release|Any CPU
		{FC18EBFF-FA5C-4F92-A90C-FE14E29D9471}.Release|x86.ActiveCfg = Release|Any CPU
		{FC18EBFF-FA5C-4F92-A90C-FE14E29D9471}.Release|x86.Build.0 = Release|Any CPU
		{84DE0764-286E-4C2A-B8B7-BAD712CEA5DC}.Debug|Any CPU.ActiveCfg = Debug|Any CPU
		{84DE0764-286E-4C2A-B8B7-BAD712CEA5DC}.Debug|Any CPU.Build.0 = Debug|Any CPU
		{84DE0764-286E-4C2A-B8B7-BAD712CEA5DC}.Debug|Mixed Platforms.ActiveCfg = Debug|Any CPU
		{84DE0764-286E-4C2A-B8B7-BAD712CEA5DC}.Debug|Mixed Platforms.Build.0 = Debug|Any CPU
		{84DE0764-286E-4C2A-B8B7-BAD712CEA5DC}.Debug|x64.ActiveCfg = Debug|Any CPU
		{84DE0764-286E-4C2A-B8B7-BAD712CEA5DC}.Debug|x64.Build.0 = Debug|Any CPU
		{84DE0764-286E-4C2A-B8B7-BAD712CEA5DC}.Debug|x86.ActiveCfg = Debug|Any CPU
		{84DE0764-286E-4C2A-B8B7-BAD712CEA5DC}.Debug|x86.Build.0 = Debug|Any CPU
		{84DE0764-286E-4C2A-B8B7-BAD712CEA5DC}.Release|Any CPU.ActiveCfg = Release|Any CPU
		{84DE0764-286E-4C2A-B8B7-BAD712CEA5DC}.Release|Any CPU.Build.0 = Release|Any CPU
		{84DE0764-286E-4C2A-B8B7-BAD712CEA5DC}.Release|Mixed Platforms.ActiveCfg = Release|Any CPU
		{84DE0764-286E-4C2A-B8B7-BAD712CEA5DC}.Release|Mixed Platforms.Build.0 = Release|Any CPU
		{84DE0764-286E-4C2A-B8B7-BAD712CEA5DC}.Release|x64.ActiveCfg = Release|Any CPU
		{84DE0764-286E-4C2A-B8B7-BAD712CEA5DC}.Release|x64.Build.0 = Release|Any CPU
		{84DE0764-286E-4C2A-B8B7-BAD712CEA5DC}.Release|x86.ActiveCfg = Release|Any CPU
		{84DE0764-286E-4C2A-B8B7-BAD712CEA5DC}.Release|x86.Build.0 = Release|Any CPU
	EndGlobalSection
	GlobalSection(SolutionProperties) = preSolution
		HideSolutionNode = FALSE
	EndGlobalSection
	GlobalSection(ExtensibilityGlobals) = postSolution
		SolutionGuid = {D712EB74-E7E1-4F82-808E-D1D8AA79F56C}
	EndGlobalSection
EndGlobal
