
Microsoft Visual Studio Solution File, Format Version 12.00
# Visual Studio Version 17
VisualStudioVersion = 17.2.32519.379
MinimumVisualStudioVersion = 10.0.40219.1
Project("{9A19103F-16F7-4668-BE54-9A1E7A4F7556}") = "Experimental", "Experimental\Experimental.csproj", "{9D79543F-A5DF-4920-B10D-85748BD9C91E}"
EndProject
Project("{FAE04EC0-301F-11D3-BF4B-00C04F79EFBC}") = "OcaBase", "OcaBase\OcaBase.csproj", "{5D256FB8-D7BE-4770-AB9F-1526CD2DE81A}"
EndProject
Project("{9A19103F-16F7-4668-BE54-9A1E7A4F7556}") = "Gen", "Gen\Gen.csproj", "{C90071EE-A4B3-474B-89A6-64C3835E07F3}"
EndProject
Project("{9A19103F-16F7-4668-BE54-9A1E7A4F7556}") = "ZCodec", "ZCodec\ZCodec.csproj", "{93BBB3B5-2766-4E96-9798-38CAA3C44528}"
EndProject
Project("{9A19103F-16F7-4668-BE54-9A1E7A4F7556}") = "XActorGui", "XActorGui\XActorGui.csproj", "{9A355746-4B45-449E-93DF-21F6DFD0896A}"
EndProject
Project("{9A19103F-16F7-4668-BE54-9A1E7A4F7556}") = "Z64Tables", "Z64Tables\Z64Tables.csproj", "{8751D9FB-8A46-49FB-A874-208989D15F02}"
EndProject
Project("{9A19103F-16F7-4668-BE54-9A1E7A4F7556}") = "Spectrum3D", "Spectrum3D\Spectrum3D.csproj", "{F1EDFAFB-53F9-48AF-9E88-A229DEFE8DB3}"
EndProject
Project("{9A19103F-16F7-4668-BE54-9A1E7A4F7556}") = "Helper", "Helper\Helper.csproj", "{5AF4D836-00B5-43C2-8974-8AFFABD2DF90}"
EndProject
Project("{9A19103F-16F7-4668-BE54-9A1E7A4F7556}") = "OcaLib", "OcaLib\OcaLib.csproj", "{FC18EBFF-FA5C-4F92-A90C-FE14E29D9471}"
EndProject
Project("{9A19103F-16F7-4668-BE54-9A1E7A4F7556}") = "ZCodecCore", "ZCodecCore\ZCodecCore.csproj", "{84DE0764-286E-4C2A-B8B7-BAD712CEA5DC}"
EndProject
Project("{9A19103F-16F7-4668-BE54-9A1E7A4F7556}") = "JOcaBase", "JOcaBase\JOcaBase.csproj", "{BC2379DD-0EB5-4190-9CF1-A9B1B6A7D716}"
EndProject
Project("{9A19103F-16F7-4668-BE54-9A1E7A4F7556}") = "Atom", "Atom\Atom.csproj", "{6F9D7C9A-40CA-469D-8425-1DA5EBF320EC}"
EndProject
Project("{9A19103F-16F7-4668-BE54-9A1E7A4F7556}") = "Z64MapParserTest", "Z64MapParserTest\Z64MapParserTest.csproj", "{196EEACD-2AE8-4B98-9262-C929B227187E}"
EndProject
Project("{9A19103F-16F7-4668-BE54-9A1E7A4F7556}") = "VerboseOcarinaCore", "VerboseOcarinaCore\VerboseOcarinaCore.csproj", "{8FF1B529-2DF5-4DAA-8ECA-47813446B9EB}"
EndProject
Project("{9A19103F-16F7-4668-BE54-9A1E7A4F7556}") = "Spectrum", "Spectrum\Spectrum.csproj", "{E9F87101-652C-490A-A590-8BC0946778C1}"
EndProject
Project("{9A19103F-16F7-4668-BE54-9A1E7A4F7556}") = "uCode", "uCode\uCode.csproj", "{D680AFE3-7822-4F55-9599-9A53C1935B4E}"
EndProject
Global
	GlobalSection(SolutionConfigurationPlatforms) = preSolution
		Debug|Any CPU = Debug|Any CPU
		Debug|Mixed Platforms = Debug|Mixed Platforms
		Debug|x64 = Debug|x64
		Debug|x86 = Debug|x86
		Release|Any CPU = Release|Any CPU
		Release|Mixed Platforms = Release|Mixed Platforms
		Release|x64 = Release|x64
		Release|x86 = Release|x86
	EndGlobalSection
	GlobalSection(ProjectConfigurationPlatforms) = postSolution
		{9D79543F-A5DF-4920-B10D-85748BD9C91E}.Debug|Any CPU.ActiveCfg = Debug|Any CPU
		{9D79543F-A5DF-4920-B10D-85748BD9C91E}.Debug|Any CPU.Build.0 = Debug|Any CPU
		{9D79543F-A5DF-4920-B10D-85748BD9C91E}.Debug|Mixed Platforms.ActiveCfg = Debug|Any CPU
		{9D79543F-A5DF-4920-B10D-85748BD9C91E}.Debug|Mixed Platforms.Build.0 = Debug|Any CPU
		{9D79543F-A5DF-4920-B10D-85748BD9C91E}.Debug|x64.ActiveCfg = Debug|Any CPU
		{9D79543F-A5DF-4920-B10D-85748BD9C91E}.Debug|x64.Build.0 = Debug|Any CPU
		{9D79543F-A5DF-4920-B10D-85748BD9C91E}.Debug|x86.ActiveCfg = Debug|Any CPU
		{9D79543F-A5DF-4920-B10D-85748BD9C91E}.Release|Any CPU.ActiveCfg = Release|Any CPU
		{9D79543F-A5DF-4920-B10D-85748BD9C91E}.Release|Any CPU.Build.0 = Release|Any CPU
		{9D79543F-A5DF-4920-B10D-85748BD9C91E}.Release|Mixed Platforms.ActiveCfg = Debug|Any CPU
		{9D79543F-A5DF-4920-B10D-85748BD9C91E}.Release|x64.ActiveCfg = Release|Any CPU
		{9D79543F-A5DF-4920-B10D-85748BD9C91E}.Release|x64.Build.0 = Release|Any CPU
		{9D79543F-A5DF-4920-B10D-85748BD9C91E}.Release|x86.ActiveCfg = Release|Any CPU
		{5D256FB8-D7BE-4770-AB9F-1526CD2DE81A}.Debug|Any CPU.ActiveCfg = Debug|Any CPU
		{5D256FB8-D7BE-4770-AB9F-1526CD2DE81A}.Debug|Any CPU.Build.0 = Debug|Any CPU
		{5D256FB8-D7BE-4770-AB9F-1526CD2DE81A}.Debug|Mixed Platforms.ActiveCfg = Debug|Any CPU
		{5D256FB8-D7BE-4770-AB9F-1526CD2DE81A}.Debug|Mixed Platforms.Build.0 = Debug|Any CPU
		{5D256FB8-D7BE-4770-AB9F-1526CD2DE81A}.Debug|x64.ActiveCfg = Debug|Any CPU
		{5D256FB8-D7BE-4770-AB9F-1526CD2DE81A}.Debug|x64.Build.0 = Debug|Any CPU
		{5D256FB8-D7BE-4770-AB9F-1526CD2DE81A}.Debug|x86.ActiveCfg = Debug|Any CPU
		{5D256FB8-D7BE-4770-AB9F-1526CD2DE81A}.Release|Any CPU.ActiveCfg = Release|Any CPU
		{5D256FB8-D7BE-4770-AB9F-1526CD2DE81A}.Release|Any CPU.Build.0 = Release|Any CPU
		{5D256FB8-D7BE-4770-AB9F-1526CD2DE81A}.Release|Mixed Platforms.ActiveCfg = Release|Any CPU
		{5D256FB8-D7BE-4770-AB9F-1526CD2DE81A}.Release|x64.ActiveCfg = Release|Any CPU
		{5D256FB8-D7BE-4770-AB9F-1526CD2DE81A}.Release|x64.Build.0 = Release|Any CPU
		{5D256FB8-D7BE-4770-AB9F-1526CD2DE81A}.Release|x86.ActiveCfg = Release|Any CPU
		{C90071EE-A4B3-474B-89A6-64C3835E07F3}.Debug|Any CPU.ActiveCfg = Debug|Any CPU
		{C90071EE-A4B3-474B-89A6-64C3835E07F3}.Debug|Any CPU.Build.0 = Debug|Any CPU
		{C90071EE-A4B3-474B-89A6-64C3835E07F3}.Debug|Mixed Platforms.ActiveCfg = Debug|Any CPU
		{C90071EE-A4B3-474B-89A6-64C3835E07F3}.Debug|Mixed Platforms.Build.0 = Debug|Any CPU
		{C90071EE-A4B3-474B-89A6-64C3835E07F3}.Debug|x64.ActiveCfg = Debug|Any CPU
		{C90071EE-A4B3-474B-89A6-64C3835E07F3}.Debug|x64.Build.0 = Debug|Any CPU
		{C90071EE-A4B3-474B-89A6-64C3835E07F3}.Debug|x86.ActiveCfg = Debug|Any CPU
		{C90071EE-A4B3-474B-89A6-64C3835E07F3}.Release|Any CPU.ActiveCfg = Release|Any CPU
		{C90071EE-A4B3-474B-89A6-64C3835E07F3}.Release|Any CPU.Build.0 = Release|Any CPU
		{C90071EE-A4B3-474B-89A6-64C3835E07F3}.Release|Mixed Platforms.ActiveCfg = Release|Any CPU
		{C90071EE-A4B3-474B-89A6-64C3835E07F3}.Release|Mixed Platforms.Build.0 = Release|Any CPU
		{C90071EE-A4B3-474B-89A6-64C3835E07F3}.Release|x64.ActiveCfg = Release|Any CPU
		{C90071EE-A4B3-474B-89A6-64C3835E07F3}.Release|x64.Build.0 = Release|Any CPU
		{C90071EE-A4B3-474B-89A6-64C3835E07F3}.Release|x86.ActiveCfg = Release|Any CPU
		{93BBB3B5-2766-4E96-9798-38CAA3C44528}.Debug|Any CPU.ActiveCfg = Debug|Any CPU
		{93BBB3B5-2766-4E96-9798-38CAA3C44528}.Debug|Any CPU.Build.0 = Debug|Any CPU
		{93BBB3B5-2766-4E96-9798-38CAA3C44528}.Debug|Mixed Platforms.ActiveCfg = Debug|Any CPU
		{93BBB3B5-2766-4E96-9798-38CAA3C44528}.Debug|Mixed Platforms.Build.0 = Debug|Any CPU
		{93BBB3B5-2766-4E96-9798-38CAA3C44528}.Debug|x64.ActiveCfg = Debug|Any CPU
		{93BBB3B5-2766-4E96-9798-38CAA3C44528}.Debug|x64.Build.0 = Debug|Any CPU
		{93BBB3B5-2766-4E96-9798-38CAA3C44528}.Debug|x86.ActiveCfg = Debug|Any CPU
		{93BBB3B5-2766-4E96-9798-38CAA3C44528}.Release|Any CPU.ActiveCfg = Release|Any CPU
		{93BBB3B5-2766-4E96-9798-38CAA3C44528}.Release|Any CPU.Build.0 = Release|Any CPU
		{93BBB3B5-2766-4E96-9798-38CAA3C44528}.Release|Mixed Platforms.ActiveCfg = Release|Any CPU
		{93BBB3B5-2766-4E96-9798-38CAA3C44528}.Release|Mixed Platforms.Build.0 = Release|Any CPU
		{93BBB3B5-2766-4E96-9798-38CAA3C44528}.Release|x64.ActiveCfg = Release|Any CPU
		{93BBB3B5-2766-4E96-9798-38CAA3C44528}.Release|x64.Build.0 = Release|Any CPU
		{93BBB3B5-2766-4E96-9798-38CAA3C44528}.Release|x86.ActiveCfg = Release|Any CPU
		{9A355746-4B45-449E-93DF-21F6DFD0896A}.Debug|Any CPU.ActiveCfg = Debug|Any CPU
		{9A355746-4B45-449E-93DF-21F6DFD0896A}.Debug|Any CPU.Build.0 = Debug|Any CPU
		{9A355746-4B45-449E-93DF-21F6DFD0896A}.Debug|Mixed Platforms.ActiveCfg = Debug|Any CPU
		{9A355746-4B45-449E-93DF-21F6DFD0896A}.Debug|Mixed Platforms.Build.0 = Debug|Any CPU
		{9A355746-4B45-449E-93DF-21F6DFD0896A}.Debug|x64.ActiveCfg = Debug|Any CPU
		{9A355746-4B45-449E-93DF-21F6DFD0896A}.Debug|x64.Build.0 = Debug|Any CPU
		{9A355746-4B45-449E-93DF-21F6DFD0896A}.Debug|x86.ActiveCfg = Debug|Any CPU
		{9A355746-4B45-449E-93DF-21F6DFD0896A}.Release|Any CPU.ActiveCfg = Release|Any CPU
		{9A355746-4B45-449E-93DF-21F6DFD0896A}.Release|Any CPU.Build.0 = Release|Any CPU
		{9A355746-4B45-449E-93DF-21F6DFD0896A}.Release|Mixed Platforms.ActiveCfg = Release|Any CPU
		{9A355746-4B45-449E-93DF-21F6DFD0896A}.Release|Mixed Platforms.Build.0 = Release|Any CPU
		{9A355746-4B45-449E-93DF-21F6DFD0896A}.Release|x64.ActiveCfg = Release|Any CPU
		{9A355746-4B45-449E-93DF-21F6DFD0896A}.Release|x64.Build.0 = Release|Any CPU
		{9A355746-4B45-449E-93DF-21F6DFD0896A}.Release|x86.ActiveCfg = Release|Any CPU
		{8751D9FB-8A46-49FB-A874-208989D15F02}.Debug|Any CPU.ActiveCfg = Debug|Any CPU
		{8751D9FB-8A46-49FB-A874-208989D15F02}.Debug|Any CPU.Build.0 = Debug|Any CPU
		{8751D9FB-8A46-49FB-A874-208989D15F02}.Debug|Mixed Platforms.ActiveCfg = Debug|Any CPU
		{8751D9FB-8A46-49FB-A874-208989D15F02}.Debug|Mixed Platforms.Build.0 = Debug|Any CPU
		{8751D9FB-8A46-49FB-A874-208989D15F02}.Debug|x64.ActiveCfg = Debug|Any CPU
		{8751D9FB-8A46-49FB-A874-208989D15F02}.Debug|x64.Build.0 = Debug|Any CPU
		{8751D9FB-8A46-49FB-A874-208989D15F02}.Debug|x86.ActiveCfg = Debug|Any CPU
		{8751D9FB-8A46-49FB-A874-208989D15F02}.Release|Any CPU.ActiveCfg = Release|Any CPU
		{8751D9FB-8A46-49FB-A874-208989D15F02}.Release|Any CPU.Build.0 = Release|Any CPU
		{8751D9FB-8A46-49FB-A874-208989D15F02}.Release|Mixed Platforms.ActiveCfg = Release|Any CPU
		{8751D9FB-8A46-49FB-A874-208989D15F02}.Release|Mixed Platforms.Build.0 = Release|Any CPU
		{8751D9FB-8A46-49FB-A874-208989D15F02}.Release|x64.ActiveCfg = Release|Any CPU
		{8751D9FB-8A46-49FB-A874-208989D15F02}.Release|x64.Build.0 = Release|Any CPU
		{8751D9FB-8A46-49FB-A874-208989D15F02}.Release|x86.ActiveCfg = Release|Any CPU
		{F1EDFAFB-53F9-48AF-9E88-A229DEFE8DB3}.Debug|Any CPU.ActiveCfg = Debug|Any CPU
		{F1EDFAFB-53F9-48AF-9E88-A229DEFE8DB3}.Debug|Any CPU.Build.0 = Debug|Any CPU
		{F1EDFAFB-53F9-48AF-9E88-A229DEFE8DB3}.Debug|Mixed Platforms.ActiveCfg = Debug|Any CPU
		{F1EDFAFB-53F9-48AF-9E88-A229DEFE8DB3}.Debug|Mixed Platforms.Build.0 = Debug|Any CPU
		{F1EDFAFB-53F9-48AF-9E88-A229DEFE8DB3}.Debug|x64.ActiveCfg = Debug|x64
		{F1EDFAFB-53F9-48AF-9E88-A229DEFE8DB3}.Debug|x64.Build.0 = Debug|x64
		{F1EDFAFB-53F9-48AF-9E88-A229DEFE8DB3}.Debug|x86.ActiveCfg = Debug|Any CPU
		{F1EDFAFB-53F9-48AF-9E88-A229DEFE8DB3}.Debug|x86.Build.0 = Debug|Any CPU
		{F1EDFAFB-53F9-48AF-9E88-A229DEFE8DB3}.Release|Any CPU.ActiveCfg = Release|Any CPU
		{F1EDFAFB-53F9-48AF-9E88-A229DEFE8DB3}.Release|Any CPU.Build.0 = Release|Any CPU
		{F1EDFAFB-53F9-48AF-9E88-A229DEFE8DB3}.Release|Mixed Platforms.ActiveCfg = Release|Any CPU
		{F1EDFAFB-53F9-48AF-9E88-A229DEFE8DB3}.Release|Mixed Platforms.Build.0 = Release|Any CPU
		{F1EDFAFB-53F9-48AF-9E88-A229DEFE8DB3}.Release|x64.ActiveCfg = Release|x64
		{F1EDFAFB-53F9-48AF-9E88-A229DEFE8DB3}.Release|x64.Build.0 = Release|x64
		{F1EDFAFB-53F9-48AF-9E88-A229DEFE8DB3}.Release|x86.ActiveCfg = Release|Any CPU
		{F1EDFAFB-53F9-48AF-9E88-A229DEFE8DB3}.Release|x86.Build.0 = Release|Any CPU
		{5AF4D836-00B5-43C2-8974-8AFFABD2DF90}.Debug|Any CPU.ActiveCfg = Debug|Any CPU
		{5AF4D836-00B5-43C2-8974-8AFFABD2DF90}.Debug|Any CPU.Build.0 = Debug|Any CPU
		{5AF4D836-00B5-43C2-8974-8AFFABD2DF90}.Debug|Mixed Platforms.ActiveCfg = Debug|Any CPU
		{5AF4D836-00B5-43C2-8974-8AFFABD2DF90}.Debug|Mixed Platforms.Build.0 = Debug|Any CPU
		{5AF4D836-00B5-43C2-8974-8AFFABD2DF90}.Debug|x64.ActiveCfg = Debug|Any CPU
		{5AF4D836-00B5-43C2-8974-8AFFABD2DF90}.Debug|x64.Build.0 = Debug|Any CPU
		{5AF4D836-00B5-43C2-8974-8AFFABD2DF90}.Debug|x86.ActiveCfg = Debug|Any CPU
		{5AF4D836-00B5-43C2-8974-8AFFABD2DF90}.Debug|x86.Build.0 = Debug|Any CPU
		{5AF4D836-00B5-43C2-8974-8AFFABD2DF90}.Release|Any CPU.ActiveCfg = Release|Any CPU
		{5AF4D836-00B5-43C2-8974-8AFFABD2DF90}.Release|Any CPU.Build.0 = Release|Any CPU
		{5AF4D836-00B5-43C2-8974-8AFFABD2DF90}.Release|Mixed Platforms.ActiveCfg = Release|Any CPU
		{5AF4D836-00B5-43C2-8974-8AFFABD2DF90}.Release|Mixed Platforms.Build.0 = Release|Any CPU
		{5AF4D836-00B5-43C2-8974-8AFFABD2DF90}.Release|x64.ActiveCfg = Release|Any CPU
		{5AF4D836-00B5-43C2-8974-8AFFABD2DF90}.Release|x64.Build.0 = Release|Any CPU
		{5AF4D836-00B5-43C2-8974-8AFFABD2DF90}.Release|x86.ActiveCfg = Release|Any CPU
		{5AF4D836-00B5-43C2-8974-8AFFABD2DF90}.Release|x86.Build.0 = Release|Any CPU
		{FC18EBFF-FA5C-4F92-A90C-FE14E29D9471}.Debug|Any CPU.ActiveCfg = Debug|Any CPU
		{FC18EBFF-FA5C-4F92-A90C-FE14E29D9471}.Debug|Any CPU.Build.0 = Debug|Any CPU
		{FC18EBFF-FA5C-4F92-A90C-FE14E29D9471}.Debug|Mixed Platforms.ActiveCfg = Debug|Any CPU
		{FC18EBFF-FA5C-4F92-A90C-FE14E29D9471}.Debug|Mixed Platforms.Build.0 = Debug|Any CPU
		{FC18EBFF-FA5C-4F92-A90C-FE14E29D9471}.Debug|x64.ActiveCfg = Debug|Any CPU
		{FC18EBFF-FA5C-4F92-A90C-FE14E29D9471}.Debug|x64.Build.0 = Debug|Any CPU
		{FC18EBFF-FA5C-4F92-A90C-FE14E29D9471}.Debug|x86.ActiveCfg = Debug|Any CPU
		{FC18EBFF-FA5C-4F92-A90C-FE14E29D9471}.Debug|x86.Build.0 = Debug|Any CPU
		{FC18EBFF-FA5C-4F92-A90C-FE14E29D9471}.Release|Any CPU.ActiveCfg = Release|Any CPU
		{FC18EBFF-FA5C-4F92-A90C-FE14E29D9471}.Release|Any CPU.Build.0 = Release|Any CPU
		{FC18EBFF-FA5C-4F92-A90C-FE14E29D9471}.Release|Mixed Platforms.ActiveCfg = Release|Any CPU
		{FC18EBFF-FA5C-4F92-A90C-FE14E29D9471}.Release|Mixed Platforms.Build.0 = Release|Any CPU
		{FC18EBFF-FA5C-4F92-A90C-FE14E29D9471}.Release|x64.ActiveCfg = Release|Any CPU
		{FC18EBFF-FA5C-4F92-A90C-FE14E29D9471}.Release|x64.Build.0 = Release|Any CPU
		{FC18EBFF-FA5C-4F92-A90C-FE14E29D9471}.Release|x86.ActiveCfg = Release|Any CPU
		{FC18EBFF-FA5C-4F92-A90C-FE14E29D9471}.Release|x86.Build.0 = Release|Any CPU
		{84DE0764-286E-4C2A-B8B7-BAD712CEA5DC}.Debug|Any CPU.ActiveCfg = Debug|Any CPU
		{84DE0764-286E-4C2A-B8B7-BAD712CEA5DC}.Debug|Any CPU.Build.0 = Debug|Any CPU
		{84DE0764-286E-4C2A-B8B7-BAD712CEA5DC}.Debug|Mixed Platforms.ActiveCfg = Debug|Any CPU
		{84DE0764-286E-4C2A-B8B7-BAD712CEA5DC}.Debug|Mixed Platforms.Build.0 = Debug|Any CPU
		{84DE0764-286E-4C2A-B8B7-BAD712CEA5DC}.Debug|x64.ActiveCfg = Debug|Any CPU
		{84DE0764-286E-4C2A-B8B7-BAD712CEA5DC}.Debug|x64.Build.0 = Debug|Any CPU
		{84DE0764-286E-4C2A-B8B7-BAD712CEA5DC}.Debug|x86.ActiveCfg = Debug|Any CPU
		{84DE0764-286E-4C2A-B8B7-BAD712CEA5DC}.Debug|x86.Build.0 = Debug|Any CPU
		{84DE0764-286E-4C2A-B8B7-BAD712CEA5DC}.Release|Any CPU.ActiveCfg = Release|Any CPU
		{84DE0764-286E-4C2A-B8B7-BAD712CEA5DC}.Release|Any CPU.Build.0 = Release|Any CPU
		{84DE0764-286E-4C2A-B8B7-BAD712CEA5DC}.Release|Mixed Platforms.ActiveCfg = Release|Any CPU
		{84DE0764-286E-4C2A-B8B7-BAD712CEA5DC}.Release|Mixed Platforms.Build.0 = Release|Any CPU
		{84DE0764-286E-4C2A-B8B7-BAD712CEA5DC}.Release|x64.ActiveCfg = Release|Any CPU
		{84DE0764-286E-4C2A-B8B7-BAD712CEA5DC}.Release|x64.Build.0 = Release|Any CPU
		{84DE0764-286E-4C2A-B8B7-BAD712CEA5DC}.Release|x86.ActiveCfg = Release|Any CPU
		{84DE0764-286E-4C2A-B8B7-BAD712CEA5DC}.Release|x86.Build.0 = Release|Any CPU
		{BC2379DD-0EB5-4190-9CF1-A9B1B6A7D716}.Debug|Any CPU.ActiveCfg = Debug|Any CPU
		{BC2379DD-0EB5-4190-9CF1-A9B1B6A7D716}.Debug|Any CPU.Build.0 = Debug|Any CPU
		{BC2379DD-0EB5-4190-9CF1-A9B1B6A7D716}.Debug|Mixed Platforms.ActiveCfg = Debug|Any CPU
		{BC2379DD-0EB5-4190-9CF1-A9B1B6A7D716}.Debug|Mixed Platforms.Build.0 = Debug|Any CPU
		{BC2379DD-0EB5-4190-9CF1-A9B1B6A7D716}.Debug|x64.ActiveCfg = Debug|Any CPU
		{BC2379DD-0EB5-4190-9CF1-A9B1B6A7D716}.Debug|x64.Build.0 = Debug|Any CPU
		{BC2379DD-0EB5-4190-9CF1-A9B1B6A7D716}.Debug|x86.ActiveCfg = Debug|Any CPU
		{BC2379DD-0EB5-4190-9CF1-A9B1B6A7D716}.Debug|x86.Build.0 = Debug|Any CPU
		{BC2379DD-0EB5-4190-9CF1-A9B1B6A7D716}.Release|Any CPU.ActiveCfg = Release|Any CPU
		{BC2379DD-0EB5-4190-9CF1-A9B1B6A7D716}.Release|Any CPU.Build.0 = Release|Any CPU
		{BC2379DD-0EB5-4190-9CF1-A9B1B6A7D716}.Release|Mixed Platforms.ActiveCfg = Release|Any CPU
		{BC2379DD-0EB5-4190-9CF1-A9B1B6A7D716}.Release|Mixed Platforms.Build.0 = Release|Any CPU
		{BC2379DD-0EB5-4190-9CF1-A9B1B6A7D716}.Release|x64.ActiveCfg = Release|Any CPU
		{BC2379DD-0EB5-4190-9CF1-A9B1B6A7D716}.Release|x64.Build.0 = Release|Any CPU
		{BC2379DD-0EB5-4190-9CF1-A9B1B6A7D716}.Release|x86.ActiveCfg = Release|Any CPU
		{BC2379DD-0EB5-4190-9CF1-A9B1B6A7D716}.Release|x86.Build.0 = Release|Any CPU
		{6F9D7C9A-40CA-469D-8425-1DA5EBF320EC}.Debug|Any CPU.ActiveCfg = Debug|Any CPU
		{6F9D7C9A-40CA-469D-8425-1DA5EBF320EC}.Debug|Any CPU.Build.0 = Debug|Any CPU
		{6F9D7C9A-40CA-469D-8425-1DA5EBF320EC}.Debug|Mixed Platforms.ActiveCfg = Debug|Any CPU
		{6F9D7C9A-40CA-469D-8425-1DA5EBF320EC}.Debug|Mixed Platforms.Build.0 = Debug|Any CPU
		{6F9D7C9A-40CA-469D-8425-1DA5EBF320EC}.Debug|x64.ActiveCfg = Debug|Any CPU
		{6F9D7C9A-40CA-469D-8425-1DA5EBF320EC}.Debug|x64.Build.0 = Debug|Any CPU
		{6F9D7C9A-40CA-469D-8425-1DA5EBF320EC}.Debug|x86.ActiveCfg = Debug|Any CPU
		{6F9D7C9A-40CA-469D-8425-1DA5EBF320EC}.Debug|x86.Build.0 = Debug|Any CPU
		{6F9D7C9A-40CA-469D-8425-1DA5EBF320EC}.Release|Any CPU.ActiveCfg = Release|Any CPU
		{6F9D7C9A-40CA-469D-8425-1DA5EBF320EC}.Release|Any CPU.Build.0 = Release|Any CPU
		{6F9D7C9A-40CA-469D-8425-1DA5EBF320EC}.Release|Mixed Platforms.ActiveCfg = Release|Any CPU
		{6F9D7C9A-40CA-469D-8425-1DA5EBF320EC}.Release|Mixed Platforms.Build.0 = Release|Any CPU
		{6F9D7C9A-40CA-469D-8425-1DA5EBF320EC}.Release|x64.ActiveCfg = Release|Any CPU
		{6F9D7C9A-40CA-469D-8425-1DA5EBF320EC}.Release|x64.Build.0 = Release|Any CPU
		{6F9D7C9A-40CA-469D-8425-1DA5EBF320EC}.Release|x86.ActiveCfg = Release|Any CPU
		{6F9D7C9A-40CA-469D-8425-1DA5EBF320EC}.Release|x86.Build.0 = Release|Any CPU
		{196EEACD-2AE8-4B98-9262-C929B227187E}.Debug|Any CPU.ActiveCfg = Debug|Any CPU
		{196EEACD-2AE8-4B98-9262-C929B227187E}.Debug|Any CPU.Build.0 = Debug|Any CPU
		{196EEACD-2AE8-4B98-9262-C929B227187E}.Debug|Mixed Platforms.ActiveCfg = Debug|Any CPU
		{196EEACD-2AE8-4B98-9262-C929B227187E}.Debug|Mixed Platforms.Build.0 = Debug|Any CPU
		{196EEACD-2AE8-4B98-9262-C929B227187E}.Debug|x64.ActiveCfg = Debug|Any CPU
		{196EEACD-2AE8-4B98-9262-C929B227187E}.Debug|x64.Build.0 = Debug|Any CPU
		{196EEACD-2AE8-4B98-9262-C929B227187E}.Debug|x86.ActiveCfg = Debug|Any CPU
		{196EEACD-2AE8-4B98-9262-C929B227187E}.Debug|x86.Build.0 = Debug|Any CPU
		{196EEACD-2AE8-4B98-9262-C929B227187E}.Release|Any CPU.ActiveCfg = Release|Any CPU
		{196EEACD-2AE8-4B98-9262-C929B227187E}.Release|Any CPU.Build.0 = Release|Any CPU
		{196EEACD-2AE8-4B98-9262-C929B227187E}.Release|Mixed Platforms.ActiveCfg = Release|Any CPU
		{196EEACD-2AE8-4B98-9262-C929B227187E}.Release|Mixed Platforms.Build.0 = Release|Any CPU
		{196EEACD-2AE8-4B98-9262-C929B227187E}.Release|x64.ActiveCfg = Release|Any CPU
		{196EEACD-2AE8-4B98-9262-C929B227187E}.Release|x64.Build.0 = Release|Any CPU
		{196EEACD-2AE8-4B98-9262-C929B227187E}.Release|x86.ActiveCfg = Release|Any CPU
		{196EEACD-2AE8-4B98-9262-C929B227187E}.Release|x86.Build.0 = Release|Any CPU
		{8FF1B529-2DF5-4DAA-8ECA-47813446B9EB}.Debug|Any CPU.ActiveCfg = Debug|Any CPU
		{8FF1B529-2DF5-4DAA-8ECA-47813446B9EB}.Debug|Any CPU.Build.0 = Debug|Any CPU
		{8FF1B529-2DF5-4DAA-8ECA-47813446B9EB}.Debug|Mixed Platforms.ActiveCfg = Debug|Any CPU
		{8FF1B529-2DF5-4DAA-8ECA-47813446B9EB}.Debug|Mixed Platforms.Build.0 = Debug|Any CPU
		{8FF1B529-2DF5-4DAA-8ECA-47813446B9EB}.Debug|x64.ActiveCfg = Debug|Any CPU
		{8FF1B529-2DF5-4DAA-8ECA-47813446B9EB}.Debug|x64.Build.0 = Debug|Any CPU
		{8FF1B529-2DF5-4DAA-8ECA-47813446B9EB}.Debug|x86.ActiveCfg = Debug|Any CPU
		{8FF1B529-2DF5-4DAA-8ECA-47813446B9EB}.Debug|x86.Build.0 = Debug|Any CPU
		{8FF1B529-2DF5-4DAA-8ECA-47813446B9EB}.Release|Any CPU.ActiveCfg = Release|Any CPU
		{8FF1B529-2DF5-4DAA-8ECA-47813446B9EB}.Release|Any CPU.Build.0 = Release|Any CPU
		{8FF1B529-2DF5-4DAA-8ECA-47813446B9EB}.Release|Mixed Platforms.ActiveCfg = Release|Any CPU
		{8FF1B529-2DF5-4DAA-8ECA-47813446B9EB}.Release|Mixed Platforms.Build.0 = Release|Any CPU
		{8FF1B529-2DF5-4DAA-8ECA-47813446B9EB}.Release|x64.ActiveCfg = Release|Any CPU
		{8FF1B529-2DF5-4DAA-8ECA-47813446B9EB}.Release|x64.Build.0 = Release|Any CPU
		{8FF1B529-2DF5-4DAA-8ECA-47813446B9EB}.Release|x86.ActiveCfg = Release|Any CPU
		{8FF1B529-2DF5-4DAA-8ECA-47813446B9EB}.Release|x86.Build.0 = Release|Any CPU
		{E9F87101-652C-490A-A590-8BC0946778C1}.Debug|Any CPU.ActiveCfg = Debug|Any CPU
		{E9F87101-652C-490A-A590-8BC0946778C1}.Debug|Any CPU.Build.0 = Debug|Any CPU
		{E9F87101-652C-490A-A590-8BC0946778C1}.Debug|Mixed Platforms.ActiveCfg = Debug|Any CPU
		{E9F87101-652C-490A-A590-8BC0946778C1}.Debug|Mixed Platforms.Build.0 = Debug|Any CPU
		{E9F87101-652C-490A-A590-8BC0946778C1}.Debug|x64.ActiveCfg = Debug|Any CPU
		{E9F87101-652C-490A-A590-8BC0946778C1}.Debug|x64.Build.0 = Debug|Any CPU
		{E9F87101-652C-490A-A590-8BC0946778C1}.Debug|x86.ActiveCfg = Debug|Any CPU
		{E9F87101-652C-490A-A590-8BC0946778C1}.Debug|x86.Build.0 = Debug|Any CPU
		{E9F87101-652C-490A-A590-8BC0946778C1}.Release|Any CPU.ActiveCfg = Release|Any CPU
		{E9F87101-652C-490A-A590-8BC0946778C1}.Release|Any CPU.Build.0 = Release|Any CPU
		{E9F87101-652C-490A-A590-8BC0946778C1}.Release|Mixed Platforms.ActiveCfg = Release|Any CPU
		{E9F87101-652C-490A-A590-8BC0946778C1}.Release|Mixed Platforms.Build.0 = Release|Any CPU
		{E9F87101-652C-490A-A590-8BC0946778C1}.Release|x64.ActiveCfg = Release|Any CPU
		{E9F87101-652C-490A-A590-8BC0946778C1}.Release|x64.Build.0 = Release|Any CPU
		{E9F87101-652C-490A-A590-8BC0946778C1}.Release|x86.ActiveCfg = Release|Any CPU
		{E9F87101-652C-490A-A590-8BC0946778C1}.Release|x86.Build.0 = Release|Any CPU
		{D680AFE3-7822-4F55-9599-9A53C1935B4E}.Debug|Any CPU.ActiveCfg = Debug|Any CPU
		{D680AFE3-7822-4F55-9599-9A53C1935B4E}.Debug|Any CPU.Build.0 = Debug|Any CPU
		{D680AFE3-7822-4F55-9599-9A53C1935B4E}.Debug|Mixed Platforms.ActiveCfg = Debug|Any CPU
		{D680AFE3-7822-4F55-9599-9A53C1935B4E}.Debug|Mixed Platforms.Build.0 = Debug|Any CPU
		{D680AFE3-7822-4F55-9599-9A53C1935B4E}.Debug|x64.ActiveCfg = Debug|Any CPU
		{D680AFE3-7822-4F55-9599-9A53C1935B4E}.Debug|x64.Build.0 = Debug|Any CPU
		{D680AFE3-7822-4F55-9599-9A53C1935B4E}.Debug|x86.ActiveCfg = Debug|Any CPU
		{D680AFE3-7822-4F55-9599-9A53C1935B4E}.Debug|x86.Build.0 = Debug|Any CPU
		{D680AFE3-7822-4F55-9599-9A53C1935B4E}.Release|Any CPU.ActiveCfg = Release|Any CPU
		{D680AFE3-7822-4F55-9599-9A53C1935B4E}.Release|Any CPU.Build.0 = Release|Any CPU
		{D680AFE3-7822-4F55-9599-9A53C1935B4E}.Release|Mixed Platforms.ActiveCfg = Release|Any CPU
		{D680AFE3-7822-4F55-9599-9A53C1935B4E}.Release|Mixed Platforms.Build.0 = Release|Any CPU
		{D680AFE3-7822-4F55-9599-9A53C1935B4E}.Release|x64.ActiveCfg = Release|Any CPU
		{D680AFE3-7822-4F55-9599-9A53C1935B4E}.Release|x64.Build.0 = Release|Any CPU
		{D680AFE3-7822-4F55-9599-9A53C1935B4E}.Release|x86.ActiveCfg = Release|Any CPU
		{D680AFE3-7822-4F55-9599-9A53C1935B4E}.Release|x86.Build.0 = Release|Any CPU
	EndGlobalSection
	GlobalSection(SolutionProperties) = preSolution
		HideSolutionNode = FALSE
	EndGlobalSection
	GlobalSection(ExtensibilityGlobals) = postSolution
		SolutionGuid = {D712EB74-E7E1-4F82-808E-D1D8AA79F56C}
	EndGlobalSection
EndGlobal
